# This file is automatically @generated by Cargo.
# It is not intended for manual editing.
version = 4

[[package]]
name = "proka-bootloader"
version = "0.2.0"
source = "registry+https://github.com/rust-lang/crates.io-index"
checksum = "934555dec72b406900f0d6253b9e5c4ff00f9345413cf3c7121d96f711aa6bd8"

[[package]]
name = "proka-kernel"
version = "0.1.0"
dependencies = [
 "proka-bootloader",
]
